// !$*UTF8*$!
{
	archiveVersion = 1;
	classes = {
	};
	objectVersion = 46;
	objects = {

/* Begin PBXBuildFile section */
		10A927DC1DB1043E001E2951 /* AppDelegate.swift in Sources */ = {isa = PBXBuildFile; fileRef = 10A927DB1DB1043E001E2951 /* AppDelegate.swift */; };
		10A927DE1DB1043E001E2951 /* ViewController.swift in Sources */ = {isa = PBXBuildFile; fileRef = 10A927DD1DB1043E001E2951 /* ViewController.swift */; };
		10A927E11DB1043E001E2951 /* Main.storyboard in Resources */ = {isa = PBXBuildFile; fileRef = 10A927DF1DB1043E001E2951 /* Main.storyboard */; };
		10A927E31DB1043E001E2951 /* Assets.xcassets in Resources */ = {isa = PBXBuildFile; fileRef = 10A927E21DB1043E001E2951 /* Assets.xcassets */; };
		10A927E61DB1043E001E2951 /* LaunchScreen.storyboard in Resources */ = {isa = PBXBuildFile; fileRef = 10A927E41DB1043E001E2951 /* LaunchScreen.storyboard */; };
		10A927F11DB1043E001E2951 /* PlayersTests.swift in Sources */ = {isa = PBXBuildFile; fileRef = 10A927F01DB1043E001E2951 /* PlayersTests.swift */; };
		10A927FC1DB106F2001E2951 /* PlayersTableViewController.swift in Sources */ = {isa = PBXBuildFile; fileRef = 10A927FB1DB106F2001E2951 /* PlayersTableViewController.swift */; };
		10A927FE1DB10724001E2951 /* Players.swift in Sources */ = {isa = PBXBuildFile; fileRef = 10A927FD1DB10724001E2951 /* Players.swift */; };
		10A928001DB10808001E2951 /* PlayersTableViewCell.swift in Sources */ = {isa = PBXBuildFile; fileRef = 10A927FF1DB10808001E2951 /* PlayersTableViewCell.swift */; };
		10A928021DB11E0E001E2951 /* addPlayerViewController.swift in Sources */ = {isa = PBXBuildFile; fileRef = 10A928011DB11E0E001E2951 /* addPlayerViewController.swift */; };
/* End PBXBuildFile section */

/* Begin PBXContainerItemProxy section */
		10A927ED1DB1043E001E2951 /* PBXContainerItemProxy */ = {
			isa = PBXContainerItemProxy;
			containerPortal = 10A927D01DB1043E001E2951 /* Project object */;
			proxyType = 1;
			remoteGlobalIDString = 10A927D71DB1043E001E2951;
			remoteInfo = Players;
		};
/* End PBXContainerItemProxy section */

/* Begin PBXFileReference section */
		10A927D81DB1043E001E2951 /* Players.app */ = {isa = PBXFileReference; explicitFileType = wrapper.application; includeInIndex = 0; path = Players.app; sourceTree = BUILT_PRODUCTS_DIR; };
		10A927DB1DB1043E001E2951 /* AppDelegate.swift */ = {isa = PBXFileReference; lastKnownFileType = sourcecode.swift; path = AppDelegate.swift; sourceTree = "<group>"; };
		10A927DD1DB1043E001E2951 /* ViewController.swift */ = {isa = PBXFileReference; lastKnownFileType = sourcecode.swift; path = ViewController.swift; sourceTree = "<group>"; };
		10A927E01DB1043E001E2951 /* Base */ = {isa = PBXFileReference; lastKnownFileType = file.storyboard; name = Base; path = Base.lproj/Main.storyboard; sourceTree = "<group>"; };
		10A927E21DB1043E001E2951 /* Assets.xcassets */ = {isa = PBXFileReference; lastKnownFileType = folder.assetcatalog; path = Assets.xcassets; sourceTree = "<group>"; };
		10A927E51DB1043E001E2951 /* Base */ = {isa = PBXFileReference; lastKnownFileType = file.storyboard; name = Base; path = Base.lproj/LaunchScreen.storyboard; sourceTree = "<group>"; };
		10A927E71DB1043E001E2951 /* Info.plist */ = {isa = PBXFileReference; lastKnownFileType = text.plist.xml; path = Info.plist; sourceTree = "<group>"; };
		10A927EC1DB1043E001E2951 /* PlayersTests.xctest */ = {isa = PBXFileReference; explicitFileType = wrapper.cfbundle; includeInIndex = 0; path = PlayersTests.xctest; sourceTree = BUILT_PRODUCTS_DIR; };
		10A927F01DB1043E001E2951 /* PlayersTests.swift */ = {isa = PBXFileReference; lastKnownFileType = sourcecode.swift; path = PlayersTests.swift; sourceTree = "<group>"; };
		10A927F21DB1043E001E2951 /* Info.plist */ = {isa = PBXFileReference; lastKnownFileType = text.plist.xml; path = Info.plist; sourceTree = "<group>"; };
		10A927FB1DB106F2001E2951 /* PlayersTableViewController.swift */ = {isa = PBXFileReference; fileEncoding = 4; lastKnownFileType = sourcecode.swift; path = PlayersTableViewController.swift; sourceTree = "<group>"; };
		10A927FD1DB10724001E2951 /* Players.swift */ = {isa = PBXFileReference; fileEncoding = 4; lastKnownFileType = sourcecode.swift; path = Players.swift; sourceTree = "<group>"; };
		10A927FF1DB10808001E2951 /* PlayersTableViewCell.swift */ = {isa = PBXFileReference; fileEncoding = 4; lastKnownFileType = sourcecode.swift; path = PlayersTableViewCell.swift; sourceTree = "<group>"; };
		10A928011DB11E0E001E2951 /* addPlayerViewController.swift */ = {isa = PBXFileReference; fileEncoding = 4; lastKnownFileType = sourcecode.swift; path = addPlayerViewController.swift; sourceTree = "<group>"; };
/* End PBXFileReference section */

/* Begin PBXFrameworksBuildPhase section */
		10A927D51DB1043E001E2951 /* Frameworks */ = {
			isa = PBXFrameworksBuildPhase;
			buildActionMask = 2147483647;
			files = (
			);
			runOnlyForDeploymentPostprocessing = 0;
		};
		10A927E91DB1043E001E2951 /* Frameworks */ = {
			isa = PBXFrameworksBuildPhase;
			buildActionMask = 2147483647;
			files = (
			);
			runOnlyForDeploymentPostprocessing = 0;
		};
/* End PBXFrameworksBuildPhase section */

/* Begin PBXGroup section */
		10A927CF1DB1043E001E2951 = {
			isa = PBXGroup;
			children = (
				10A927DA1DB1043E001E2951 /* Players */,
				10A927EF1DB1043E001E2951 /* PlayersTests */,
				10A927D91DB1043E001E2951 /* Products */,
			);
			sourceTree = "<group>";
		};
		10A927D91DB1043E001E2951 /* Products */ = {
			isa = PBXGroup;
			children = (
				10A927D81DB1043E001E2951 /* Players.app */,
				10A927EC1DB1043E001E2951 /* PlayersTests.xctest */,
			);
			name = Products;
			sourceTree = "<group>";
		};
		10A927DA1DB1043E001E2951 /* Players */ = {
			isa = PBXGroup;
			children = (
				10A927DB1DB1043E001E2951 /* AppDelegate.swift */,
				10A927DD1DB1043E001E2951 /* ViewController.swift */,
				10A927DF1DB1043E001E2951 /* Main.storyboard */,
				10A928011DB11E0E001E2951 /* addPlayerViewController.swift */,
				10A927FB1DB106F2001E2951 /* PlayersTableViewController.swift */,
				10A927FD1DB10724001E2951 /* Players.swift */,
				10A927FF1DB10808001E2951 /* PlayersTableViewCell.swift */,
				10A927E21DB1043E001E2951 /* Assets.xcassets */,
				10A927E41DB1043E001E2951 /* LaunchScreen.storyboard */,
				10A927E71DB1043E001E2951 /* Info.plist */,
			);
			path = Players;
			sourceTree = "<group>";
		};
		10A927EF1DB1043E001E2951 /* PlayersTests */ = {
			isa = PBXGroup;
			children = (
				10A927F01DB1043E001E2951 /* PlayersTests.swift */,
				10A927F21DB1043E001E2951 /* Info.plist */,
			);
			path = PlayersTests;
			sourceTree = "<group>";
		};
/* End PBXGroup section */

/* Begin PBXNativeTarget section */
		10A927D71DB1043E001E2951 /* Players */ = {
			isa = PBXNativeTarget;
			buildConfigurationList = 10A927F51DB1043E001E2951 /* Build configuration list for PBXNativeTarget "Players" */;
			buildPhases = (
				10A927D41DB1043E001E2951 /* Sources */,
				10A927D51DB1043E001E2951 /* Frameworks */,
				10A927D61DB1043E001E2951 /* Resources */,
			);
			buildRules = (
			);
			dependencies = (
			);
			name = Players;
			productName = Players;
			productReference = 10A927D81DB1043E001E2951 /* Players.app */;
			productType = "com.apple.product-type.application";
		};
		10A927EB1DB1043E001E2951 /* PlayersTests */ = {
			isa = PBXNativeTarget;
			buildConfigurationList = 10A927F81DB1043E001E2951 /* Build configuration list for PBXNativeTarget "PlayersTests" */;
			buildPhases = (
				10A927E81DB1043E001E2951 /* Sources */,
				10A927E91DB1043E001E2951 /* Frameworks */,
				10A927EA1DB1043E001E2951 /* Resources */,
			);
			buildRules = (
			);
			dependencies = (
				10A927EE1DB1043E001E2951 /* PBXTargetDependency */,
			);
			name = PlayersTests;
			productName = PlayersTests;
			productReference = 10A927EC1DB1043E001E2951 /* PlayersTests.xctest */;
			productType = "com.apple.product-type.bundle.unit-test";
		};
/* End PBXNativeTarget section */

/* Begin PBXProject section */
		10A927D01DB1043E001E2951 /* Project object */ = {
			isa = PBXProject;
			attributes = {
				LastSwiftUpdateCheck = 0730;
				LastUpgradeCheck = 0730;
				ORGANIZATIONNAME = "Bas Generowicz";
				TargetAttributes = {
					10A927D71DB1043E001E2951 = {
						CreatedOnToolsVersion = 7.3.1;
					};
					10A927EB1DB1043E001E2951 = {
						CreatedOnToolsVersion = 7.3.1;
						TestTargetID = 10A927D71DB1043E001E2951;
					};
				};
			};
			buildConfigurationList = 10A927D31DB1043E001E2951 /* Build configuration list for PBXProject "Players" */;
			compatibilityVersion = "Xcode 3.2";
			developmentRegion = English;
			hasScannedForEncodings = 0;
			knownRegions = (
				en,
				Base,
			);
			mainGroup = 10A927CF1DB1043E001E2951;
			productRefGroup = 10A927D91DB1043E001E2951 /* Products */;
			projectDirPath = "";
			projectRoot = "";
			targets = (
				10A927D71DB1043E001E2951 /* Players */,
				10A927EB1DB1043E001E2951 /* PlayersTests */,
			);
		};
/* End PBXProject section */

/* Begin PBXResourcesBuildPhase section */
		10A927D61DB1043E001E2951 /* Resources */ = {
			isa = PBXResourcesBuildPhase;
			buildActionMask = 2147483647;
			files = (
				10A927E61DB1043E001E2951 /* LaunchScreen.storyboard in Resources */,
				10A927E31DB1043E001E2951 /* Assets.xcassets in Resources */,
				10A927E11DB1043E001E2951 /* Main.storyboard in Resources */,
			);
			runOnlyForDeploymentPostprocessing = 0;
		};
		10A927EA1DB1043E001E2951 /* Resources */ = {
			isa = PBXResourcesBuildPhase;
			buildActionMask = 2147483647;
			files = (
			);
			runOnlyForDeploymentPostprocessing = 0;
		};
/* End PBXResourcesBuildPhase section */

/* Begin PBXSourcesBuildPhase section */
		10A927D41DB1043E001E2951 /* Sources */ = {
			isa = PBXSourcesBuildPhase;
			buildActionMask = 2147483647;
			files = (
				10A927FE1DB10724001E2951 /* Players.swift in Sources */,
				10A927DE1DB1043E001E2951 /* ViewController.swift in Sources */,
				10A927DC1DB1043E001E2951 /* AppDelegate.swift in Sources */,
				10A928021DB11E0E001E2951 /* addPlayerViewController.swift in Sources */,
				10A928001DB10808001E2951 /* PlayersTableViewCell.swift in Sources */,
				10A927FC1DB106F2001E2951 /* PlayersTableViewController.swift in Sources */,
			);
			runOnlyForDeploymentPostprocessing = 0;
		};
		10A927E81DB1043E001E2951 /* Sources */ = {
			isa = PBXSourcesBuildPhase;
			buildActionMask = 2147483647;
			files = (
				10A927F11DB1043E001E2951 /* PlayersTests.swift in Sources */,
			);
			runOnlyForDeploymentPostprocessing = 0;
		};
/* End PBXSourcesBuildPhase section */

/* Begin PBXTargetDependency section */
		10A927EE1DB1043E001E2951 /* PBXTargetDependency */ = {
			isa = PBXTargetDependency;
			target = 10A927D71DB1043E001E2951 /* Players */;
			targetProxy = 10A927ED1DB1043E001E2951 /* PBXContainerItemProxy */;
		};
/* End PBXTargetDependency section */

/* Begin PBXVariantGroup section */
		10A927DF1DB1043E001E2951 /* Main.storyboard */ = {
			isa = PBXVariantGroup;
			children = (
				10A927E01DB1043E001E2951 /* Base */,
			);
			name = Main.storyboard;
			sourceTree = "<group>";
		};
		10A927E41DB1043E001E2951 /* LaunchScreen.storyboard */ = {
			isa = PBXVariantGroup;
			children = (
				10A927E51DB1043E001E2951 /* Base */,
			);
			name = LaunchScreen.storyboard;
			sourceTree = "<group>";
		};
/* End PBXVariantGroup section */

/* Begin XCBuildConfiguration section */
		10A927F31DB1043E001E2951 /* Debug */ = {
			isa = XCBuildConfiguration;
			buildSettings = {
				ALWAYS_SEARCH_USER_PATHS = NO;
				CLANG_ANALYZER_NONNULL = YES;
				CLANG_CXX_LANGUAGE_STANDARD = "gnu++0x";
				CLANG_CXX_LIBRARY = "libc++";
				CLANG_ENABLE_MODULES = YES;
				CLANG_ENABLE_OBJC_ARC = YES;
				CLANG_WARN_BOOL_CONVERSION = YES;
				CLANG_WARN_CONSTANT_CONVERSION = YES;
				CLANG_WARN_DIRECT_OBJC_ISA_USAGE = YES_ERROR;
				CLANG_WARN_EMPTY_BODY = YES;
				CLANG_WARN_ENUM_CONVERSION = YES;
				CLANG_WARN_INT_CONVERSION = YES;
				CLANG_WARN_OBJC_ROOT_CLASS = YES_ERROR;
				CLANG_WARN_UNREACHABLE_CODE = YES;
				CLANG_WARN__DUPLICATE_METHOD_MATCH = YES;
				"CODE_SIGN_IDENTITY[sdk=iphoneos*]" = "iPhone Developer";
				COPY_PHASE_STRIP = NO;
				DEBUG_INFORMATION_FORMAT = dwarf;
				ENABLE_STRICT_OBJC_MSGSEND = YES;
				ENABLE_TESTABILITY = YES;
				GCC_C_LANGUAGE_STANDARD = gnu99;
				GCC_DYNAMIC_NO_PIC = NO;
				GCC_NO_COMMON_BLOCKS = YES;
				GCC_OPTIMIZATION_LEVEL = 0;
				GCC_PREPROCESSOR_DEFINITIONS = (
					"DEBUG=1",
					"$(inherited)",
				);
				GCC_WARN_64_TO_32_BIT_CONVERSION = YES;
				GCC_WARN_ABOUT_RETURN_TYPE = YES_ERROR;
				GCC_WARN_UNDECLARED_SELECTOR = YES;
				GCC_WARN_UNINITIALIZED_AUTOS = YES_AGGRESSIVE;
				GCC_WARN_UNUSED_FUNCTION = YES;
				GCC_WARN_UNUSED_VARIABLE = YES;
				IPHONEOS_DEPLOYMENT_TARGET = 9.3;
				MTL_ENABLE_DEBUG_INFO = YES;
				ONLY_ACTIVE_ARCH = YES;
				SDKROOT = iphoneos;
				SWIFT_OPTIMIZATION_LEVEL = "-Onone";
				TARGETED_DEVICE_FAMILY = "1,2";
			};
			name = Debug;
		};
		10A927F41DB1043E001E2951 /* Release */ = {
			isa = XCBuildConfiguration;
			buildSettings = {
				ALWAYS_SEARCH_USER_PATHS = NO;
				CLANG_ANALYZER_NONNULL = YES;
				CLANG_CXX_LANGUAGE_STANDARD = "gnu++0x";
				CLANG_CXX_LIBRARY = "libc++";
				CLANG_ENABLE_MODULES = YES;
				CLANG_ENABLE_OBJC_ARC = YES;
				CLANG_WARN_BOOL_CONVERSION = YES;
				CLANG_WARN_CONSTANT_CONVERSION = YES;
				CLANG_WARN_DIRECT_OBJC_ISA_USAGE = YES_ERROR;
				CLANG_WARN_EMPTY_BODY = YES;
				CLANG_WARN_ENUM_CONVERSION = YES;
				CLANG_WARN_INT_CONVERSION = YES;
				CLANG_WARN_OBJC_ROOT_CLASS = YES_ERROR;
				CLANG_WARN_UNREACHABLE_CODE = YES;
				CLANG_WARN__DUPLICATE_METHOD_MATCH = YES;
				"CODE_SIGN_IDENTITY[sdk=iphoneos*]" = "iPhone Developer";
				COPY_PHASE_STRIP = NO;
				DEBUG_INFORMATION_FORMAT = "dwarf-with-dsym";
				ENABLE_NS_ASSERTIONS = NO;
				ENABLE_STRICT_OBJC_MSGSEND = YES;
				GCC_C_LANGUAGE_STANDARD = gnu99;
				GCC_NO_COMMON_BLOCKS = YES;
				GCC_WARN_64_TO_32_BIT_CONVERSION = YES;
				GCC_WARN_ABOUT_RETURN_TYPE = YES_ERROR;
				GCC_WARN_UNDECLARED_SELECTOR = YES;
				GCC_WARN_UNINITIALIZED_AUTOS = YES_AGGRESSIVE;
				GCC_WARN_UNUSED_FUNCTION = YES;
				GCC_WARN_UNUSED_VARIABLE = YES;
				IPHONEOS_DEPLOYMENT_TARGET = 9.3;
				MTL_ENABLE_DEBUG_INFO = NO;
				SDKROOT = iphoneos;
				TARGETED_DEVICE_FAMILY = "1,2";
				VALIDATE_PRODUCT = YES;
			};
			name = Release;
		};
		10A927F61DB1043E001E2951 /* Debug */ = {
			isa = XCBuildConfiguration;
			buildSettings = {
				ASSETCATALOG_COMPILER_APPICON_NAME = AppIcon;
				INFOPLIST_FILE = Players/Info.plist;
				LD_RUNPATH_SEARCH_PATHS = "$(inherited) @executable_path/Frameworks";
				PRODUCT_BUNDLE_IDENTIFIER = nl.generowicz.Players;
				PRODUCT_NAME = "$(TARGET_NAME)";
			};
			name = Debug;
		};
		10A927F71DB1043E001E2951 /* Release */ = {
			isa = XCBuildConfiguration;
			buildSettings = {
				ASSETCATALOG_COMPILER_APPICON_NAME = AppIcon;
				INFOPLIST_FILE = Players/Info.plist;
				LD_RUNPATH_SEARCH_PATHS = "$(inherited) @executable_path/Frameworks";
				PRODUCT_BUNDLE_IDENTIFIER = nl.generowicz.Players;
				PRODUCT_NAME = "$(TARGET_NAME)";
			};
			name = Release;
		};
		10A927F91DB1043E001E2951 /* Debug */ = {
			isa = XCBuildConfiguration;
			buildSettings = {
				BUNDLE_LOADER = "$(TEST_HOST)";
				INFOPLIST_FILE = PlayersTests/Info.plist;
				LD_RUNPATH_SEARCH_PATHS = "$(inherited) @executable_path/Frameworks @loader_path/Frameworks";
				PRODUCT_BUNDLE_IDENTIFIER = nl.generowicz.PlayersTests;
				PRODUCT_NAME = "$(TARGET_NAME)";
				TEST_HOST = "$(BUILT_PRODUCTS_DIR)/Players.app/Players";
			};
			name = Debug;
		};
		10A927FA1DB1043E001E2951 /* Release */ = {
			isa = XCBuildConfiguration;
			buildSettings = {
				BUNDLE_LOADER = "$(TEST_HOST)";
				INFOPLIST_FILE = PlayersTests/Info.plist;
				LD_RUNPATH_SEARCH_PATHS = "$(inherited) @executable_path/Frameworks @loader_path/Frameworks";
				PRODUCT_BUNDLE_IDENTIFIER = nl.generowicz.PlayersTests;
				PRODUCT_NAME = "$(TARGET_NAME)";
				TEST_HOST = "$(BUILT_PRODUCTS_DIR)/Players.app/Players";
			};
			name = Release;
		};
/* End XCBuildConfiguration section */

/* Begin XCConfigurationList section */
		10A927D31DB1043E001E2951 /* Build configuration list for PBXProject "Players" */ = {
			isa = XCConfigurationList;
			buildConfigurations = (
				10A927F31DB1043E001E2951 /* Debug */,
				10A927F41DB1043E001E2951 /* Release */,
			);
			defaultConfigurationIsVisible = 0;
			defaultConfigurationName = Release;
		};
		10A927F51DB1043E001E2951 /* Build configuration list for PBXNativeTarget "Players" */ = {
			isa = XCConfigurationList;
			buildConfigurations = (
				10A927F61DB1043E001E2951 /* Debug */,
				10A927F71DB1043E001E2951 /* Release */,
			);
			defaultConfigurationIsVisible = 0;
		};
		10A927F81DB1043E001E2951 /* Build configuration list for PBXNativeTarget "PlayersTests" */ = {
			isa = XCConfigurationList;
			buildConfigurations = (
				10A927F91DB1043E001E2951 /* Debug */,
				10A927FA1DB1043E001E2951 /* Release */,
			);
			defaultConfigurationIsVisible = 0;
		};
/* End XCConfigurationList section */
	};
	rootObject = 10A927D01DB1043E001E2951 /* Project object */;
}
